
Microsoft Visual Studio Solution File, Format Version 12.00
# Visual Studio Version 17
VisualStudioVersion = 17.1.32328.378
MinimumVisualStudioVersion = 10.0.40219.1
Project("{FAE04EC0-301F-11D3-BF4B-00C04F79EFBC}") = "Mandelbrot-Bäckerei", "Mandelbrot-Bäckerei\Mandelbrot-Bäckerei.csproj", "{5EF2D8C8-B67A-43DE-BBAC-F7464717104C}"
EndProject
Global
	GlobalSection(SolutionConfigurationPlatforms) = preSolution
		Debug|Any CPU = Debug|Any CPU
		Release|Any CPU = Release|Any CPU
	EndGlobalSection
	GlobalSection(ProjectConfigurationPlatforms) = postSolution
		{5EF2D8C8-B67A-43DE-BBAC-F7464717104C}.Debug|Any CPU.ActiveCfg = Debug|Any CPU
		{5EF2D8C8-B67A-43DE-BBAC-F7464717104C}.Debug|Any CPU.Build.0 = Debug|Any CPU
		{5EF2D8C8-B67A-43DE-BBAC-F7464717104C}.Release|Any CPU.ActiveCfg = Release|Any CPU
		{5EF2D8C8-B67A-43DE-BBAC-F7464717104C}.Release|Any CPU.Build.0 = Release|Any CPU
	EndGlobalSection
	GlobalSection(SolutionProperties) = preSolution
		HideSolutionNode = FALSE
	EndGlobalSection
	GlobalSection(ExtensibilityGlobals) = postSolution
		SolutionGuid = {B926D765-6C96-4695-9209-FB8262244564}
	EndGlobalSection
EndGlobal
